
Microsoft Visual Studio Solution File, Format Version 12.00
# Visual Studio Version 17
VisualStudioVersion = 17.14.36623.8
MinimumVisualStudioVersion = 10.0.40219.1
Project("{2150E333-8FDC-42A3-9474-1A3956D46DE8}") = "Services", "Services", "{02EA681E-C7D8-13C7-8484-4AC65E1B71E8}"
EndProject
Project("{2150E333-8FDC-42A3-9474-1A3956D46DE8}") = "Catalog", "Catalog", "{0DDABC1A-D2BF-44BB-924C-50F68EC863EC}"
EndProject
Project("{FAE04EC0-301F-11D3-BF4B-00C04F79EFBC}") = "Catalog.API", "Services\Catalog\Catalog.API\Catalog.API.csproj", "{82B1F9EC-62BA-4EAD-B50A-97C6CB829B76}"
EndProject
Project("{2150E333-8FDC-42A3-9474-1A3956D46DE8}") = "BuildingBlocks", "BuildingBlocks", "{39472F7F-516D-4B29-812B-A8D21208F6DD}"
EndProject
Project("{FAE04EC0-301F-11D3-BF4B-00C04F79EFBC}") = "BuildingBlocks", "BuildingBlocks\BuildingBlocks\BuildingBlocks.csproj", "{10442F75-4C84-47D3-B523-6EBACEBAFF29}"
EndProject
Project("{E53339B2-1760-4266-BCC7-CA923CBCF16C}") = "docker-compose", "docker-compose.dcproj", "{81DDED9D-158B-E303-5F62-77A2896D2A5A}"
EndProject
Project("{2150E333-8FDC-42A3-9474-1A3956D46DE8}") = "Basket", "Basket", "{914C5D4F-B5B9-4E8C-B41E-E5D83ADF1FDD}"
EndProject
Project("{FAE04EC0-301F-11D3-BF4B-00C04F79EFBC}") = "Basket.API", "Services\Basket\Basket.API\Basket.API.csproj", "{3B7ED570-13E9-4E1C-9076-05306E806B77}"
EndProject
Project("{2150E333-8FDC-42A3-9474-1A3956D46DE8}") = "Discount", "Discount", "{9628EA0D-3A84-4938-9236-7402B0540D6D}"
EndProject
Project("{FAE04EC0-301F-11D3-BF4B-00C04F79EFBC}") = "Discount.Grpc", "Services\Discount\Discount.Grpc\Discount.Grpc.csproj", "{8071F85B-C522-4DCC-9D78-F23591D1F3A4}"
EndProject
Global
	GlobalSection(SolutionConfigurationPlatforms) = preSolution
		Debug|Any CPU = Debug|Any CPU
		Release|Any CPU = Release|Any CPU
	EndGlobalSection
	GlobalSection(ProjectConfigurationPlatforms) = postSolution
		{82B1F9EC-62BA-4EAD-B50A-97C6CB829B76}.Debug|Any CPU.ActiveCfg = Debug|Any CPU
		{82B1F9EC-62BA-4EAD-B50A-97C6CB829B76}.Debug|Any CPU.Build.0 = Debug|Any CPU
		{82B1F9EC-62BA-4EAD-B50A-97C6CB829B76}.Release|Any CPU.ActiveCfg = Release|Any CPU
		{82B1F9EC-62BA-4EAD-B50A-97C6CB829B76}.Release|Any CPU.Build.0 = Release|Any CPU
		{10442F75-4C84-47D3-B523-6EBACEBAFF29}.Debug|Any CPU.ActiveCfg = Debug|Any CPU
		{10442F75-4C84-47D3-B523-6EBACEBAFF29}.Debug|Any CPU.Build.0 = Debug|Any CPU
		{10442F75-4C84-47D3-B523-6EBACEBAFF29}.Release|Any CPU.ActiveCfg = Release|Any CPU
		{10442F75-4C84-47D3-B523-6EBACEBAFF29}.Release|Any CPU.Build.0 = Release|Any CPU
		{81DDED9D-158B-E303-5F62-77A2896D2A5A}.Debug|Any CPU.ActiveCfg = Debug|Any CPU
		{81DDED9D-158B-E303-5F62-77A2896D2A5A}.Debug|Any CPU.Build.0 = Debug|Any CPU
		{81DDED9D-158B-E303-5F62-77A2896D2A5A}.Release|Any CPU.ActiveCfg = Release|Any CPU
		{81DDED9D-158B-E303-5F62-77A2896D2A5A}.Release|Any CPU.Build.0 = Release|Any CPU
		{3B7ED570-13E9-4E1C-9076-05306E806B77}.Debug|Any CPU.ActiveCfg = Debug|Any CPU
		{3B7ED570-13E9-4E1C-9076-05306E806B77}.Debug|Any CPU.Build.0 = Debug|Any CPU
		{3B7ED570-13E9-4E1C-9076-05306E806B77}.Release|Any CPU.ActiveCfg = Release|Any CPU
		{3B7ED570-13E9-4E1C-9076-05306E806B77}.Release|Any CPU.Build.0 = Release|Any CPU
		{8071F85B-C522-4DCC-9D78-F23591D1F3A4}.Debug|Any CPU.ActiveCfg = Debug|Any CPU
		{8071F85B-C522-4DCC-9D78-F23591D1F3A4}.Debug|Any CPU.Build.0 = Debug|Any CPU
		{8071F85B-C522-4DCC-9D78-F23591D1F3A4}.Release|Any CPU.ActiveCfg = Release|Any CPU
		{8071F85B-C522-4DCC-9D78-F23591D1F3A4}.Release|Any CPU.Build.0 = Release|Any CPU
	EndGlobalSection
	GlobalSection(SolutionProperties) = preSolution
		HideSolutionNode = FALSE
	EndGlobalSection
	GlobalSection(NestedProjects) = preSolution
		{0DDABC1A-D2BF-44BB-924C-50F68EC863EC} = {02EA681E-C7D8-13C7-8484-4AC65E1B71E8}
		{82B1F9EC-62BA-4EAD-B50A-97C6CB829B76} = {0DDABC1A-D2BF-44BB-924C-50F68EC863EC}
		{10442F75-4C84-47D3-B523-6EBACEBAFF29} = {39472F7F-516D-4B29-812B-A8D21208F6DD}
		{914C5D4F-B5B9-4E8C-B41E-E5D83ADF1FDD} = {02EA681E-C7D8-13C7-8484-4AC65E1B71E8}
		{3B7ED570-13E9-4E1C-9076-05306E806B77} = {914C5D4F-B5B9-4E8C-B41E-E5D83ADF1FDD}
		{9628EA0D-3A84-4938-9236-7402B0540D6D} = {02EA681E-C7D8-13C7-8484-4AC65E1B71E8}
		{8071F85B-C522-4DCC-9D78-F23591D1F3A4} = {9628EA0D-3A84-4938-9236-7402B0540D6D}
	EndGlobalSection
	GlobalSection(ExtensibilityGlobals) = postSolution
		SolutionGuid = {063A207E-C6AC-4768-A18E-B4CA4AB04516}
	EndGlobalSection
EndGlobal
